# This file is automatically @generated by Poetry 1.5.1 and should not be changed by hand.

[[package]]
name = "numpy"
version = "1.24.3"
description = "Fundamental package for array computing in Python"
optional = false
python-versions = ">=3.8"
files = [
    {file = "numpy-1.24.3-cp310-cp310-macosx_10_9_x86_64.whl", hash = "sha256:3c1104d3c036fb81ab923f507536daedc718d0ad5a8707c6061cdfd6d184e570"},
    {file = "numpy-1.24.3-cp310-cp310-macosx_11_0_arm64.whl", hash = "sha256:202de8f38fc4a45a3eea4b63e2f376e5f2dc64ef0fa692838e31a808520efaf7"},
    {file = "numpy-1.24.3-cp310-cp310-manylinux_2_17_aarch64.manylinux2014_aarch64.whl", hash = "sha256:8535303847b89aa6b0f00aa1dc62867b5a32923e4d1681a35b5eef2d9591a463"},
    {file = "numpy-1.24.3-cp310-cp310-manylinux_2_17_x86_64.manylinux2014_x86_64.whl", hash = "sha256:2d926b52ba1367f9acb76b0df6ed21f0b16a1ad87c6720a1121674e5cf63e2b6"},
    {file = "numpy-1.24.3-cp310-cp310-win32.whl", hash = "sha256:f21c442fdd2805e91799fbe044a7b999b8571bb0ab0f7850d0cb9641a687092b"},
    {file = "numpy-1.24.3-cp310-cp310-win_amd64.whl", hash = "sha256:ab5f23af8c16022663a652d3b25dcdc272ac3f83c3af4c02eb8b824e6b3ab9d7"},
    {file = "numpy-1.24.3-cp311-cp311-macosx_10_9_x86_64.whl", hash = "sha256:9a7721ec204d3a237225db3e194c25268faf92e19338a35f3a224469cb6039a3"},
    {file = "numpy-1.24.3-cp311-cp311-macosx_11_0_arm64.whl", hash = "sha256:d6cc757de514c00b24ae8cf5c876af2a7c3df189028d68c0cb4eaa9cd5afc2bf"},
    {file = "numpy-1.24.3-cp311-cp311-manylinux_2_17_aarch64.manylinux2014_aarch64.whl", hash = "sha256:76e3f4e85fc5d4fd311f6e9b794d0c00e7002ec122be271f2019d63376f1d385"},
    {file = "numpy-1.24.3-cp311-cp311-manylinux_2_17_x86_64.manylinux2014_x86_64.whl", hash = "sha256:a1d3c026f57ceaad42f8231305d4653d5f05dc6332a730ae5c0bea3513de0950"},
    {file = "numpy-1.24.3-cp311-cp311-win32.whl", hash = "sha256:c91c4afd8abc3908e00a44b2672718905b8611503f7ff87390cc0ac3423fb096"},
    {file = "numpy-1.24.3-cp311-cp311-win_amd64.whl", hash = "sha256:5342cf6aad47943286afa6f1609cad9b4266a05e7f2ec408e2cf7aea7ff69d80"},
    {file = "numpy-1.24.3-cp38-cp38-macosx_10_9_x86_64.whl", hash = "sha256:7776ea65423ca6a15255ba1872d82d207bd1e09f6d0894ee4a64678dd2204078"},
    {file = "numpy-1.24.3-cp38-cp38-macosx_11_0_arm64.whl", hash = "sha256:ae8d0be48d1b6ed82588934aaaa179875e7dc4f3d84da18d7eae6eb3f06c242c"},
    {file = "numpy-1.24.3-cp38-cp38-manylinux_2_17_aarch64.manylinux2014_aarch64.whl", hash = "sha256:ecde0f8adef7dfdec993fd54b0f78183051b6580f606111a6d789cd14c61ea0c"},
    {file = "numpy-1.24.3-cp38-cp38-manylinux_2_17_x86_64.manylinux2014_x86_64.whl", hash = "sha256:4749e053a29364d3452c034827102ee100986903263e89884922ef01a0a6fd2f"},
    {file = "numpy-1.24.3-cp38-cp38-win32.whl", hash = "sha256:d933fabd8f6a319e8530d0de4fcc2e6a61917e0b0c271fded460032db42a0fe4"},
    {file = "numpy-1.24.3-cp38-cp38-win_amd64.whl", hash = "sha256:56e48aec79ae238f6e4395886b5eaed058abb7231fb3361ddd7bfdf4eed54289"},
    {file = "numpy-1.24.3-cp39-cp39-macosx_10_9_x86_64.whl", hash = "sha256:4719d5aefb5189f50887773699eaf94e7d1e02bf36c1a9d353d9f46703758ca4"},
    {file = "numpy-1.24.3-cp39-cp39-macosx_11_0_arm64.whl", hash = "sha256:0ec87a7084caa559c36e0a2309e4ecb1baa03b687201d0a847c8b0ed476a7187"},
    {file = "numpy-1.24.3-cp39-cp39-manylinux_2_17_aarch64.manylinux2014_aarch64.whl", hash = "sha256:ea8282b9bcfe2b5e7d491d0bf7f3e2da29700cec05b49e64d6246923329f2b02"},
    {file = "numpy-1.24.3-cp39-cp39-manylinux_2_17_x86_64.manylinux2014_x86_64.whl", hash = "sha256:210461d87fb02a84ef243cac5e814aad2b7f4be953b32cb53327bb49fd77fbb4"},
    {file = "numpy-1.24.3-cp39-cp39-win32.whl", hash = "sha256:784c6da1a07818491b0ffd63c6bbe5a33deaa0e25a20e1b3ea20cf0e43f8046c"},
    {file = "numpy-1.24.3-cp39-cp39-win_amd64.whl", hash = "sha256:d5036197ecae68d7f491fcdb4df90082b0d4960ca6599ba2659957aafced7c17"},
    {file = "numpy-1.24.3-pp38-pypy38_pp73-macosx_10_9_x86_64.whl", hash = "sha256:352ee00c7f8387b44d19f4cada524586f07379c0d49270f87233983bc5087ca0"},
    {file = "numpy-1.24.3-pp38-pypy38_pp73-manylinux_2_17_x86_64.manylinux2014_x86_64.whl", hash = "sha256:1a7d6acc2e7524c9955e5c903160aa4ea083736fde7e91276b0e5d98e6332812"},
    {file = "numpy-1.24.3-pp38-pypy38_pp73-win_amd64.whl", hash = "sha256:35400e6a8d102fd07c71ed7dcadd9eb62ee9a6e84ec159bd48c28235bbb0f8e4"},
    {file = "numpy-1.24.3.tar.gz", hash = "sha256:ab344f1bf21f140adab8e47fdbc7c35a477dc01408791f8ba00d018dd0bc5155"},
]

[[package]]
name = "scipy"
version = "1.11.0rc1"
description = "Fundamental algorithms for scientific computing in Python"
optional = false
python-versions = "<3.13,>=3.9"
files = [
    {file = "scipy-1.11.0rc1-cp310-cp310-macosx_10_9_x86_64.whl", hash = "sha256:af1d5b71b21f1afc0de0d166a16038587c498b691f8243e5749792f2617fd651"},
    {file = "scipy-1.11.0rc1-cp310-cp310-macosx_12_0_arm64.whl", hash = "sha256:73df607643dc8c17228d2bc540473d3dbd09243402d873ec0c3e9b4b1906a27c"},
    {file = "scipy-1.11.0rc1-cp310-cp310-manylinux_2_17_aarch64.manylinux2014_aarch64.whl", hash = "sha256:79b199b9f5b7b1fe7f187dd2922f5ba062ccbbeec82cf2a19cd763325d6b2fe3"},
    {file = "scipy-1.11.0rc1-cp310-cp310-manylinux_2_17_x86_64.manylinux2014_x86_64.whl", hash = "sha256:57f1d0ccbbf8905eda3bf454c9db49679d266e1a7c16038f5d6a630bff7ebb58"},
    {file = "scipy-1.11.0rc1-cp310-cp310-musllinux_1_1_x86_64.whl", hash = "sha256:eb1514f6cfb843bf9656b8dbb62310a52773154a1f01cad389253f96b67786ab"},
    {file = "scipy-1.11.0rc1-cp310-cp310-win_amd64.whl", hash = "sha256:f80d63babab3297f551b03d152f5b0cbf1505b7d4551c23f63b72e7379373e2c"},
    {file = "scipy-1.11.0rc1-cp311-cp311-macosx_10_9_x86_64.whl", hash = "sha256:5aa15f2fb3198c1bd2ece26f60961e1c655126b5c041c901f5c5fc2349e32ece"},
    {file = "scipy-1.11.0rc1-cp311-cp311-macosx_12_0_arm64.whl", hash = "sha256:88d0623211e5e54032850e69a9d3d0953f8e66b277a3fde7a0774f7636e75cdd"},
    {file = "scipy-1.11.0rc1-cp311-cp311-manylinux_2_17_aarch64.manylinux2014_aarch64.whl", hash = "sha256:fe2126c03b53bac3fd0c8738e25363d07643cbca48553c5603c9a546fb060807"},
    {file = "scipy-1.11.0rc1-cp311-cp311-manylinux_2_17_x86_64.manylinux2014_x86_64.whl", hash = "sha256:25ca2bdb8c6b26f52412ce90d090b4d5a8c7ee5747f8c6ac1c9f587dfaa95b08"},
    {file = "scipy-1.11.0rc1-cp311-cp311-musllinux_1_1_x86_64.whl", hash = "sha256:83ac6f81fa280f6345b43abf420edba28ea018b2465644363c876b6f5b3341d6"},
    {file = "scipy-1.11.0rc1-cp311-cp311-win_amd64.whl", hash = "sha256:7e253e5bb847cc960fc3c4b87540992f080f9adfcb1fcc665d53824bff002313"},
    {file = "scipy-1.11.0rc1-cp39-cp39-macosx_10_9_x86_64.whl", hash = "sha256:ba6a6ddf6b0fed76560b5124f570473135bfd66cfd77655cb859dfdb334d4bc0"},
    {file = "scipy-1.11.0rc1-cp39-cp39-macosx_12_0_arm64.whl", hash = "sha256:031b9e45972f370ef9f9b5e1d9879b8cc339ea3637a9a1ea83d4dd53b1bfa3ce"},
    {file = "scipy-1.11.0rc1-cp39-cp39-manylinux_2_17_aarch64.manylinux2014_aarch64.whl", hash = "sha256:82d3ae9098e05be8f2b0092dff62f73694afb82677df57fa1b3531d3fd318929"},
    {file = "scipy-1.11.0rc1-cp39-cp39-manylinux_2_17_x86_64.manylinux2014_x86_64.whl", hash = "sha256:0c74ce6155c495e9939569842064e994d72b352bc6cfcfa319753d94dffd16c6"},
    {file = "scipy-1.11.0rc1-cp39-cp39-musllinux_1_1_x86_64.whl", hash = "sha256:3194b3ff1c5f0b7592e814307702f25f00ab457c6d553b609fc3237e48b6a42b"},
    {file = "scipy-1.11.0rc1-cp39-cp39-win_amd64.whl", hash = "sha256:353c993b9caf969182f113729375e2b5573bee77fad7b8afa7ea494dc6bb90b7"},
    {file = "scipy-1.11.0rc1.tar.gz", hash = "sha256:312420789955c875a0126c0f1f949a14c1b2e4807d0a3aff6ebe598d5760e051"},
]

[package.dependencies]
numpy = ">=1.21.6,<1.28.0"

[package.extras]
dev = ["click", "cython-lint (>=0.12.2)", "doit (>=0.36.0)", "mypy", "pycodestyle", "pydevtool", "rich-click", "ruff", "types-psutil", "typing_extensions"]
doc = ["jupytext", "matplotlib (>2)", "myst-nb", "numpydoc", "pooch", "pydata-sphinx-theme (==0.9.0)", "sphinx (!=4.1.0)", "sphinx-design (>=0.2.0)"]
test = ["asv", "gmpy2", "mpmath", "pooch", "pytest", "pytest-cov", "pytest-timeout", "pytest-xdist", "scikit-umfpack", "threadpoolctl"]

[metadata]
lock-version = "2.0"
python-versions = ">=3.9,<3.13"
content-hash = "f51b55a0b5036b010c4d455d00a324e18a2e1467b9db0c1e31aaf97a4ce071d7"
